
Microsoft Visual Studio Solution File, Format Version 12.00
# Visual Studio Version 17
VisualStudioVersion = 17.1.32414.318
MinimumVisualStudioVersion = 10.0.40219.1
Project("{FAE04EC0-301F-11D3-BF4B-00C04F79EFBC}") = "DBFirstExample", "DBFirstExample\DBFirstExample.csproj", "{79FC6EBB-6DA9-47D2-91A3-DD772C57039F}"
EndProject
Global
	GlobalSection(SolutionConfigurationPlatforms) = preSolution
		Debug|Any CPU = Debug|Any CPU
		Release|Any CPU = Release|Any CPU
	EndGlobalSection
	GlobalSection(ProjectConfigurationPlatforms) = postSolution
		{79FC6EBB-6DA9-47D2-91A3-DD772C57039F}.Debug|Any CPU.ActiveCfg = Debug|Any CPU
		{79FC6EBB-6DA9-47D2-91A3-DD772C57039F}.Debug|Any CPU.Build.0 = Debug|Any CPU
		{79FC6EBB-6DA9-47D2-91A3-DD772C57039F}.Release|Any CPU.ActiveCfg = Release|Any CPU
		{79FC6EBB-6DA9-47D2-91A3-DD772C57039F}.Release|Any CPU.Build.0 = Release|Any CPU
	EndGlobalSection
	GlobalSection(SolutionProperties) = preSolution
		HideSolutionNode = FALSE
	EndGlobalSection
	GlobalSection(ExtensibilityGlobals) = postSolution
		SolutionGuid = {2015886E-08B8-43FF-A804-BBD027C1A8F6}
	EndGlobalSection
EndGlobal
